
Microsoft Visual Studio Solution File, Format Version 12.00
Project("{FAE04EC0-301F-11D3-BF4B-00C04F79EFBC}") = "apbd_tut3", "apbd_tut3\apbd_tut3.csproj", "{A63C6EE1-9AA4-47EC-85E1-47057DE8C7D3}"
EndProject
Global
	GlobalSection(SolutionConfigurationPlatforms) = preSolution
		Debug|Any CPU = Debug|Any CPU
		Release|Any CPU = Release|Any CPU
	EndGlobalSection
	GlobalSection(ProjectConfigurationPlatforms) = postSolution
		{A63C6EE1-9AA4-47EC-85E1-47057DE8C7D3}.Debug|Any CPU.ActiveCfg = Debug|Any CPU
		{A63C6EE1-9AA4-47EC-85E1-47057DE8C7D3}.Debug|Any CPU.Build.0 = Debug|Any CPU
		{A63C6EE1-9AA4-47EC-85E1-47057DE8C7D3}.Release|Any CPU.ActiveCfg = Release|Any CPU
		{A63C6EE1-9AA4-47EC-85E1-47057DE8C7D3}.Release|Any CPU.Build.0 = Release|Any CPU
	EndGlobalSection
EndGlobal
